
Microsoft Visual Studio Solution File, Format Version 12.00
# Visual Studio Version 17
VisualStudioVersion = 17.8.34525.116
MinimumVisualStudioVersion = 10.0.40219.1
Project("{8BC9CEB8-8B4A-11D0-8D11-00A0C91BC942}") = "MagicBitboardsPandemonium", "MagicBitboardsPandemonium\MagicBitboardsPandemonium.vcxproj", "{B66C1A10-0C88-42A2-AC72-A9116265A00B}"
EndProject
Global
	GlobalSection(SolutionConfigurationPlatforms) = preSolution
		Debug|x64 = Debug|x64
		Debug|x86 = Debug|x86
		Release|x64 = Release|x64
		Release|x86 = Release|x86
	EndGlobalSection
	GlobalSection(ProjectConfigurationPlatforms) = postSolution
		{B66C1A10-0C88-42A2-AC72-A9116265A00B}.Debug|x64.ActiveCfg = Debug|x64
		{B66C1A10-0C88-42A2-AC72-A9116265A00B}.Debug|x64.Build.0 = Debug|x64
		{B66C1A10-0C88-42A2-AC72-A9116265A00B}.Debug|x86.ActiveCfg = Debug|Win32
		{B66C1A10-0C88-42A2-AC72-A9116265A00B}.Debug|x86.Build.0 = Debug|Win32
		{B66C1A10-0C88-42A2-AC72-A9116265A00B}.Release|x64.ActiveCfg = Release|x64
		{B66C1A10-0C88-42A2-AC72-A9116265A00B}.Release|x64.Build.0 = Release|x64
		{B66C1A10-0C88-42A2-AC72-A9116265A00B}.Release|x86.ActiveCfg = Release|Win32
		{B66C1A10-0C88-42A2-AC72-A9116265A00B}.Release|x86.Build.0 = Release|Win32
	EndGlobalSection
	GlobalSection(SolutionProperties) = preSolution
		HideSolutionNode = FALSE
	EndGlobalSection
	GlobalSection(ExtensibilityGlobals) = postSolution
		SolutionGuid = {6B63EEAC-71F7-4F97-80FB-ACFA7F7482E2}
	EndGlobalSection
EndGlobal
